// !$*UTF8*$!
{
	archiveVersion = 1;
	classes = {
	};
	objectVersion = 51;
	objects = {

/* Begin PBXBuildFile section */
		2E56452059DAFE186961BA2D /* Pods_HomeTaskRealmAPP.framework in Frameworks */ = {isa = PBXBuildFile; fileRef = DE76289C9760334CB2ED1317 /* Pods_HomeTaskRealmAPP.framework */; };
		948429FE2633FA640021BFEE /* AppDelegate.swift in Sources */ = {isa = PBXBuildFile; fileRef = 948429FD2633FA640021BFEE /* AppDelegate.swift */; };
		94842A002633FA640021BFEE /* SceneDelegate.swift in Sources */ = {isa = PBXBuildFile; fileRef = 948429FF2633FA640021BFEE /* SceneDelegate.swift */; };
		94842A022633FA640021BFEE /* ViewController.swift in Sources */ = {isa = PBXBuildFile; fileRef = 94842A012633FA640021BFEE /* ViewController.swift */; };
		94842A052633FA640021BFEE /* Main.storyboard in Resources */ = {isa = PBXBuildFile; fileRef = 94842A032633FA640021BFEE /* Main.storyboard */; };
		94842A072633FA650021BFEE /* Assets.xcassets in Resources */ = {isa = PBXBuildFile; fileRef = 94842A062633FA650021BFEE /* Assets.xcassets */; };
		94842A0A2633FA650021BFEE /* LaunchScreen.storyboard in Resources */ = {isa = PBXBuildFile; fileRef = 94842A082633FA650021BFEE /* LaunchScreen.storyboard */; };
		94842A172633FB090021BFEE /* TodoItem.swift in Sources */ = {isa = PBXBuildFile; fileRef = 94842A162633FB090021BFEE /* TodoItem.swift */; };
		94842A1A2633FB830021BFEE /* Helper.swift in Sources */ = {isa = PBXBuildFile; fileRef = 94842A192633FB830021BFEE /* Helper.swift */; };
		94842A1D2633FBCE0021BFEE /* ListViewController.swift in Sources */ = {isa = PBXBuildFile; fileRef = 94842A1C2633FBCE0021BFEE /* ListViewController.swift */; };
		94842A202633FBDF0021BFEE /* EditViewController.swift in Sources */ = {isa = PBXBuildFile; fileRef = 94842A1F2633FBDF0021BFEE /* EditViewController.swift */; };
		94842A232633FBE70021BFEE /* AddViewController.swift in Sources */ = {isa = PBXBuildFile; fileRef = 94842A222633FBE70021BFEE /* AddViewController.swift */; };
/* End PBXBuildFile section */

/* Begin PBXFileReference section */
		3631574BCD36C395CC1A87DC /* Pods-HomeTaskRealmAPP.debug.xcconfig */ = {isa = PBXFileReference; includeInIndex = 1; lastKnownFileType = text.xcconfig; name = "Pods-HomeTaskRealmAPP.debug.xcconfig"; path = "Target Support Files/Pods-HomeTaskRealmAPP/Pods-HomeTaskRealmAPP.debug.xcconfig"; sourceTree = "<group>"; };
		948429FA2633FA640021BFEE /* HomeTaskRealmAPP.app */ = {isa = PBXFileReference; explicitFileType = wrapper.application; includeInIndex = 0; path = HomeTaskRealmAPP.app; sourceTree = BUILT_PRODUCTS_DIR; };
		948429FD2633FA640021BFEE /* AppDelegate.swift */ = {isa = PBXFileReference; lastKnownFileType = sourcecode.swift; path = AppDelegate.swift; sourceTree = "<group>"; };
		948429FF2633FA640021BFEE /* SceneDelegate.swift */ = {isa = PBXFileReference; lastKnownFileType = sourcecode.swift; path = SceneDelegate.swift; sourceTree = "<group>"; };
		94842A012633FA640021BFEE /* ViewController.swift */ = {isa = PBXFileReference; lastKnownFileType = sourcecode.swift; path = ViewController.swift; sourceTree = "<group>"; };
		94842A042633FA640021BFEE /* Base */ = {isa = PBXFileReference; lastKnownFileType = file.storyboard; name = Base; path = Base.lproj/Main.storyboard; sourceTree = "<group>"; };
		94842A062633FA650021BFEE /* Assets.xcassets */ = {isa = PBXFileReference; lastKnownFileType = folder.assetcatalog; path = Assets.xcassets; sourceTree = "<group>"; };
		94842A092633FA650021BFEE /* Base */ = {isa = PBXFileReference; lastKnownFileType = file.storyboard; name = Base; path = Base.lproj/LaunchScreen.storyboard; sourceTree = "<group>"; };
		94842A0B2633FA650021BFEE /* Info.plist */ = {isa = PBXFileReference; lastKnownFileType = text.plist.xml; path = Info.plist; sourceTree = "<group>"; };
		94842A162633FB090021BFEE /* TodoItem.swift */ = {isa = PBXFileReference; lastKnownFileType = sourcecode.swift; path = TodoItem.swift; sourceTree = "<group>"; };
		94842A192633FB830021BFEE /* Helper.swift */ = {isa = PBXFileReference; lastKnownFileType = sourcecode.swift; path = Helper.swift; sourceTree = "<group>"; };
		94842A1C2633FBCE0021BFEE /* ListViewController.swift */ = {isa = PBXFileReference; lastKnownFileType = sourcecode.swift; path = ListViewController.swift; sourceTree = "<group>"; };
		94842A1F2633FBDF0021BFEE /* EditViewController.swift */ = {isa = PBXFileReference; lastKnownFileType = sourcecode.swift; path = EditViewController.swift; sourceTree = "<group>"; };
		94842A222633FBE70021BFEE /* AddViewController.swift */ = {isa = PBXFileReference; lastKnownFileType = sourcecode.swift; path = AddViewController.swift; sourceTree = "<group>"; };
		DE76289C9760334CB2ED1317 /* Pods_HomeTaskRealmAPP.framework */ = {isa = PBXFileReference; explicitFileType = wrapper.framework; includeInIndex = 0; path = Pods_HomeTaskRealmAPP.framework; sourceTree = BUILT_PRODUCTS_DIR; };
		FF2EEF022799819686395EBB /* Pods-HomeTaskRealmAPP.release.xcconfig */ = {isa = PBXFileReference; includeInIndex = 1; lastKnownFileType = text.xcconfig; name = "Pods-HomeTaskRealmAPP.release.xcconfig"; path = "Target Support Files/Pods-HomeTaskRealmAPP/Pods-HomeTaskRealmAPP.release.xcconfig"; sourceTree = "<group>"; };
/* End PBXFileReference section */

/* Begin PBXFrameworksBuildPhase section */
		948429F72633FA640021BFEE /* Frameworks */ = {
			isa = PBXFrameworksBuildPhase;
			buildActionMask = 2147483647;
			files = (
				2E56452059DAFE186961BA2D /* Pods_HomeTaskRealmAPP.framework in Frameworks */,
			);
			runOnlyForDeploymentPostprocessing = 0;
		};
/* End PBXFrameworksBuildPhase section */

/* Begin PBXGroup section */
		4070080204E1C86680509A1E /* Frameworks */ = {
			isa = PBXGroup;
			children = (
				DE76289C9760334CB2ED1317 /* Pods_HomeTaskRealmAPP.framework */,
			);
			name = Frameworks;
			sourceTree = "<group>";
		};
		85D1E30F89030A4CB0432605 /* Pods */ = {
			isa = PBXGroup;
			children = (
				3631574BCD36C395CC1A87DC /* Pods-HomeTaskRealmAPP.debug.xcconfig */,
				FF2EEF022799819686395EBB /* Pods-HomeTaskRealmAPP.release.xcconfig */,
			);
			path = Pods;
			sourceTree = "<group>";
		};
		948429F12633FA640021BFEE = {
			isa = PBXGroup;
			children = (
				948429FC2633FA640021BFEE /* HomeTaskRealmAPP */,
				948429FB2633FA640021BFEE /* Products */,
				85D1E30F89030A4CB0432605 /* Pods */,
				4070080204E1C86680509A1E /* Frameworks */,
			);
			sourceTree = "<group>";
		};
		948429FB2633FA640021BFEE /* Products */ = {
			isa = PBXGroup;
			children = (
				948429FA2633FA640021BFEE /* HomeTaskRealmAPP.app */,
			);
			name = Products;
			sourceTree = "<group>";
		};
		948429FC2633FA640021BFEE /* HomeTaskRealmAPP */ = {
			isa = PBXGroup;
			children = (
				948429FD2633FA640021BFEE /* AppDelegate.swift */,
				948429FF2633FA640021BFEE /* SceneDelegate.swift */,
				94842A012633FA640021BFEE /* ViewController.swift */,
				94842A222633FBE70021BFEE /* AddViewController.swift */,
				94842A1F2633FBDF0021BFEE /* EditViewController.swift */,
				94842A1C2633FBCE0021BFEE /* ListViewController.swift */,
				94842A162633FB090021BFEE /* TodoItem.swift */,
				94842A192633FB830021BFEE /* Helper.swift */,
				94842A032633FA640021BFEE /* Main.storyboard */,
				94842A062633FA650021BFEE /* Assets.xcassets */,
				94842A082633FA650021BFEE /* LaunchScreen.storyboard */,
				94842A0B2633FA650021BFEE /* Info.plist */,
			);
			path = HomeTaskRealmAPP;
			sourceTree = "<group>";
		};
/* End PBXGroup section */

/* Begin PBXNativeTarget section */
		948429F92633FA640021BFEE /* HomeTaskRealmAPP */ = {
			isa = PBXNativeTarget;
			buildConfigurationList = 94842A0E2633FA650021BFEE /* Build configuration list for PBXNativeTarget "HomeTaskRealmAPP" */;
			buildPhases = (
				5CBFE0E09DB7EAC3798C0296 /* [CP] Check Pods Manifest.lock */,
				948429F62633FA640021BFEE /* Sources */,
				948429F72633FA640021BFEE /* Frameworks */,
				948429F82633FA640021BFEE /* Resources */,
				11CF17541C51671EFF1F1692 /* [CP] Embed Pods Frameworks */,
			);
			buildRules = (
			);
			dependencies = (
			);
			name = HomeTaskRealmAPP;
			productName = HomeTaskRealmAPP;
			productReference = 948429FA2633FA640021BFEE /* HomeTaskRealmAPP.app */;
			productType = "com.apple.product-type.application";
		};
/* End PBXNativeTarget section */

/* Begin PBXProject section */
		948429F22633FA640021BFEE /* Project object */ = {
			isa = PBXProject;
			attributes = {
				LastSwiftUpdateCheck = 1240;
				LastUpgradeCheck = 1240;
				TargetAttributes = {
					948429F92633FA640021BFEE = {
						CreatedOnToolsVersion = 12.4;
					};
				};
			};
			buildConfigurationList = 948429F52633FA640021BFEE /* Build configuration list for PBXProject "HomeTaskRealmAPP" */;
			compatibilityVersion = "Xcode 9.3";
			developmentRegion = en;
			hasScannedForEncodings = 0;
			knownRegions = (
				en,
				Base,
			);
			mainGroup = 948429F12633FA640021BFEE;
			productRefGroup = 948429FB2633FA640021BFEE /* Products */;
			projectDirPath = "";
			projectRoot = "";
			targets = (
				948429F92633FA640021BFEE /* HomeTaskRealmAPP */,
			);
		};
/* End PBXProject section */

/* Begin PBXResourcesBuildPhase section */
		948429F82633FA640021BFEE /* Resources */ = {
			isa = PBXResourcesBuildPhase;
			buildActionMask = 2147483647;
			files = (
				94842A0A2633FA650021BFEE /* LaunchScreen.storyboard in Resources */,
				94842A072633FA650021BFEE /* Assets.xcassets in Resources */,
				94842A052633FA640021BFEE /* Main.storyboard in Resources */,
			);
			runOnlyForDeploymentPostprocessing = 0;
		};
/* End PBXResourcesBuildPhase section */

/* Begin PBXShellScriptBuildPhase section */
		11CF17541C51671EFF1F1692 /* [CP] Embed Pods Frameworks */ = {
			isa = PBXShellScriptBuildPhase;
			buildActionMask = 2147483647;
			files = (
			);
			inputFileListPaths = (
				"${PODS_ROOT}/Target Support Files/Pods-HomeTaskRealmAPP/Pods-HomeTaskRealmAPP-frameworks-${CONFIGURATION}-input-files.xcfilelist",
			);
			name = "[CP] Embed Pods Frameworks";
			outputFileListPaths = (
				"${PODS_ROOT}/Target Support Files/Pods-HomeTaskRealmAPP/Pods-HomeTaskRealmAPP-frameworks-${CONFIGURATION}-output-files.xcfilelist",
			);
			runOnlyForDeploymentPostprocessing = 0;
			shellPath = /bin/sh;
			shellScript = "\"${PODS_ROOT}/Target Support Files/Pods-HomeTaskRealmAPP/Pods-HomeTaskRealmAPP-frameworks.sh\"\n";
			showEnvVarsInLog = 0;
		};
		5CBFE0E09DB7EAC3798C0296 /* [CP] Check Pods Manifest.lock */ = {
			isa = PBXShellScriptBuildPhase;
			buildActionMask = 2147483647;
			files = (
			);
			inputFileListPaths = (
			);
			inputPaths = (
				"${PODS_PODFILE_DIR_PATH}/Podfile.lock",
				"${PODS_ROOT}/Manifest.lock",
			);
			name = "[CP] Check Pods Manifest.lock";
			outputFileListPaths = (
			);
			outputPaths = (
				"$(DERIVED_FILE_DIR)/Pods-HomeTaskRealmAPP-checkManifestLockResult.txt",
			);
			runOnlyForDeploymentPostprocessing = 0;
			shellPath = /bin/sh;
			shellScript = "diff \"${PODS_PODFILE_DIR_PATH}/Podfile.lock\" \"${PODS_ROOT}/Manifest.lock\" > /dev/null\nif [ $? != 0 ] ; then\n    # print error to STDERR\n    echo \"error: The sandbox is not in sync with the Podfile.lock. Run 'pod install' or update your CocoaPods installation.\" >&2\n    exit 1\nfi\n# This output is used by Xcode 'outputs' to avoid re-running this script phase.\necho \"SUCCESS\" > \"${SCRIPT_OUTPUT_FILE_0}\"\n";
			showEnvVarsInLog = 0;
		};
/* End PBXShellScriptBuildPhase section */

/* Begin PBXSourcesBuildPhase section */
		948429F62633FA640021BFEE /* Sources */ = {
			isa = PBXSourcesBuildPhase;
			buildActionMask = 2147483647;
			files = (
				94842A022633FA640021BFEE /* ViewController.swift in Sources */,
				948429FE2633FA640021BFEE /* AppDelegate.swift in Sources */,
				94842A232633FBE70021BFEE /* AddViewController.swift in Sources */,
				94842A1D2633FBCE0021BFEE /* ListViewController.swift in Sources */,
				94842A1A2633FB830021BFEE /* Helper.swift in Sources */,
				94842A172633FB090021BFEE /* TodoItem.swift in Sources */,
				94842A002633FA640021BFEE /* SceneDelegate.swift in Sources */,
				94842A202633FBDF0021BFEE /* EditViewController.swift in Sources */,
			);
			runOnlyForDeploymentPostprocessing = 0;
		};
/* End PBXSourcesBuildPhase section */

/* Begin PBXVariantGroup section */
		94842A032633FA640021BFEE /* Main.storyboard */ = {
			isa = PBXVariantGroup;
			children = (
				94842A042633FA640021BFEE /* Base */,
			);
			name = Main.storyboard;
			sourceTree = "<group>";
		};
		94842A082633FA650021BFEE /* LaunchScreen.storyboard */ = {
			isa = PBXVariantGroup;
			children = (
				94842A092633FA650021BFEE /* Base */,
			);
			name = LaunchScreen.storyboard;
			sourceTree = "<group>";
		};
/* End PBXVariantGroup section */

/* Begin XCBuildConfiguration section */
		94842A0C2633FA650021BFEE /* Debug */ = {
			isa = XCBuildConfiguration;
			buildSettings = {
				ALWAYS_SEARCH_USER_PATHS = NO;
				CLANG_ANALYZER_NONNULL = YES;
				CLANG_ANALYZER_NUMBER_OBJECT_CONVERSION = YES_AGGRESSIVE;
				CLANG_CXX_LANGUAGE_STANDARD = "gnu++14";
				CLANG_CXX_LIBRARY = "libc++";
				CLANG_ENABLE_MODULES = YES;
				CLANG_ENABLE_OBJC_ARC = YES;
				CLANG_ENABLE_OBJC_WEAK = YES;
				CLANG_WARN_BLOCK_CAPTURE_AUTORELEASING = YES;
				CLANG_WARN_BOOL_CONVERSION = YES;
				CLANG_WARN_COMMA = YES;
				CLANG_WARN_CONSTANT_CONVERSION = YES;
				CLANG_WARN_DEPRECATED_OBJC_IMPLEMENTATIONS = YES;
				CLANG_WARN_DIRECT_OBJC_ISA_USAGE = YES_ERROR;
				CLANG_WARN_DOCUMENTATION_COMMENTS = YES;
				CLANG_WARN_EMPTY_BODY = YES;
				CLANG_WARN_ENUM_CONVERSION = YES;
				CLANG_WARN_INFINITE_RECURSION = YES;
				CLANG_WARN_INT_CONVERSION = YES;
				CLANG_WARN_NON_LITERAL_NULL_CONVERSION = YES;
				CLANG_WARN_OBJC_IMPLICIT_RETAIN_SELF = YES;
				CLANG_WARN_OBJC_LITERAL_CONVERSION = YES;
				CLANG_WARN_OBJC_ROOT_CLASS = YES_ERROR;
				CLANG_WARN_QUOTED_INCLUDE_IN_FRAMEWORK_HEADER = YES;
				CLANG_WARN_RANGE_LOOP_ANALYSIS = YES;
				CLANG_WARN_STRICT_PROTOTYPES = YES;
				CLANG_WARN_SUSPICIOUS_MOVE = YES;
				CLANG_WARN_UNGUARDED_AVAILABILITY = YES_AGGRESSIVE;
				CLANG_WARN_UNREACHABLE_CODE = YES;
				CLANG_WARN__DUPLICATE_METHOD_MATCH = YES;
				COPY_PHASE_STRIP = NO;
				DEBUG_INFORMATION_FORMAT = dwarf;
				ENABLE_STRICT_OBJC_MSGSEND = YES;
				ENABLE_TESTABILITY = YES;
				GCC_C_LANGUAGE_STANDARD = gnu11;
				GCC_DYNAMIC_NO_PIC = NO;
				GCC_NO_COMMON_BLOCKS = YES;
				GCC_OPTIMIZATION_LEVEL = 0;
				GCC_PREPROCESSOR_DEFINITIONS = (
					"DEBUG=1",
					"$(inherited)",
				);
				GCC_WARN_64_TO_32_BIT_CONVERSION = YES;
				GCC_WARN_ABOUT_RETURN_TYPE = YES_ERROR;
				GCC_WARN_UNDECLARED_SELECTOR = YES;
				GCC_WARN_UNINITIALIZED_AUTOS = YES_AGGRESSIVE;
				GCC_WARN_UNUSED_FUNCTION = YES;
				GCC_WARN_UNUSED_VARIABLE = YES;
				IPHONEOS_DEPLOYMENT_TARGET = 14.4;
				MTL_ENABLE_DEBUG_INFO = INCLUDE_SOURCE;
				MTL_FAST_MATH = YES;
				ONLY_ACTIVE_ARCH = YES;
				SDKROOT = iphoneos;
				SWIFT_ACTIVE_COMPILATION_CONDITIONS = DEBUG;
				SWIFT_OPTIMIZATION_LEVEL = "-Onone";
			};
			name = Debug;
		};
		94842A0D2633FA650021BFEE /* Release */ = {
			isa = XCBuildConfiguration;
			buildSettings = {
				ALWAYS_SEARCH_USER_PATHS = NO;
				CLANG_ANALYZER_NONNULL = YES;
				CLANG_ANALYZER_NUMBER_OBJECT_CONVERSION = YES_AGGRESSIVE;
				CLANG_CXX_LANGUAGE_STANDARD = "gnu++14";
				CLANG_CXX_LIBRARY = "libc++";
				CLANG_ENABLE_MODULES = YES;
				CLANG_ENABLE_OBJC_ARC = YES;
				CLANG_ENABLE_OBJC_WEAK = YES;
				CLANG_WARN_BLOCK_CAPTURE_AUTORELEASING = YES;
				CLANG_WARN_BOOL_CONVERSION = YES;
				CLANG_WARN_COMMA = YES;
				CLANG_WARN_CONSTANT_CONVERSION = YES;
				CLANG_WARN_DEPRECATED_OBJC_IMPLEMENTATIONS = YES;
				CLANG_WARN_DIRECT_OBJC_ISA_USAGE = YES_ERROR;
				CLANG_WARN_DOCUMENTATION_COMMENTS = YES;
				CLANG_WARN_EMPTY_BODY = YES;
				CLANG_WARN_ENUM_CONVERSION = YES;
				CLANG_WARN_INFINITE_RECURSION = YES;
				CLANG_WARN_INT_CONVERSION = YES;
				CLANG_WARN_NON_LITERAL_NULL_CONVERSION = YES;
				CLANG_WARN_OBJC_IMPLICIT_RETAIN_SELF = YES;
				CLANG_WARN_OBJC_LITERAL_CONVERSION = YES;
				CLANG_WARN_OBJC_ROOT_CLASS = YES_ERROR;
				CLANG_WARN_QUOTED_INCLUDE_IN_FRAMEWORK_HEADER = YES;
				CLANG_WARN_RANGE_LOOP_ANALYSIS = YES;
				CLANG_WARN_STRICT_PROTOTYPES = YES;
				CLANG_WARN_SUSPICIOUS_MOVE = YES;
				CLANG_WARN_UNGUARDED_AVAILABILITY = YES_AGGRESSIVE;
				CLANG_WARN_UNREACHABLE_CODE = YES;
				CLANG_WARN__DUPLICATE_METHOD_MATCH = YES;
				COPY_PHASE_STRIP = NO;
				DEBUG_INFORMATION_FORMAT = "dwarf-with-dsym";
				ENABLE_NS_ASSERTIONS = NO;
				ENABLE_STRICT_OBJC_MSGSEND = YES;
				GCC_C_LANGUAGE_STANDARD = gnu11;
				GCC_NO_COMMON_BLOCKS = YES;
				GCC_WARN_64_TO_32_BIT_CONVERSION = YES;
				GCC_WARN_ABOUT_RETURN_TYPE = YES_ERROR;
				GCC_WARN_UNDECLARED_SELECTOR = YES;
				GCC_WARN_UNINITIALIZED_AUTOS = YES_AGGRESSIVE;
				GCC_WARN_UNUSED_FUNCTION = YES;
				GCC_WARN_UNUSED_VARIABLE = YES;
				IPHONEOS_DEPLOYMENT_TARGET = 14.4;
				MTL_ENABLE_DEBUG_INFO = NO;
				MTL_FAST_MATH = YES;
				SDKROOT = iphoneos;
				SWIFT_COMPILATION_MODE = wholemodule;
				SWIFT_OPTIMIZATION_LEVEL = "-O";
				VALIDATE_PRODUCT = YES;
			};
			name = Release;
		};
		94842A0F2633FA650021BFEE /* Debug */ = {
			isa = XCBuildConfiguration;
			baseConfigurationReference = 3631574BCD36C395CC1A87DC /* Pods-HomeTaskRealmAPP.debug.xcconfig */;
			buildSettings = {
				ASSETCATALOG_COMPILER_APPICON_NAME = AppIcon;
				ASSETCATALOG_COMPILER_GLOBAL_ACCENT_COLOR_NAME = AccentColor;
				CODE_SIGN_STYLE = Automatic;
				DEVELOPMENT_TEAM = D453TST7T9;
				INFOPLIST_FILE = HomeTaskRealmAPP/Info.plist;
				LD_RUNPATH_SEARCH_PATHS = (
					"$(inherited)",
					"@executable_path/Frameworks",
				);
				MARKETING_VERSION = 1.02;
				PRODUCT_BUNDLE_IDENTIFIER = com.Iseryuiseki.HomeTaskRealmAPP;
				PRODUCT_NAME = "$(TARGET_NAME)";
				SWIFT_VERSION = 5.0;
				TARGETED_DEVICE_FAMILY = 1;
			};
			name = Debug;
		};
		94842A102633FA650021BFEE /* Release */ = {
			isa = XCBuildConfiguration;
			baseConfigurationReference = FF2EEF022799819686395EBB /* Pods-HomeTaskRealmAPP.release.xcconfig */;
			buildSettings = {
				ASSETCATALOG_COMPILER_APPICON_NAME = AppIcon;
				ASSETCATALOG_COMPILER_GLOBAL_ACCENT_COLOR_NAME = AccentColor;
				CODE_SIGN_STYLE = Automatic;
				DEVELOPMENT_TEAM = D453TST7T9;
				INFOPLIST_FILE = HomeTaskRealmAPP/Info.plist;
				LD_RUNPATH_SEARCH_PATHS = (
					"$(inherited)",
					"@executable_path/Frameworks",
				);
				MARKETING_VERSION = 1.02;
				PRODUCT_BUNDLE_IDENTIFIER = com.Iseryuiseki.HomeTaskRealmAPP;
				PRODUCT_NAME = "$(TARGET_NAME)";
				SWIFT_VERSION = 5.0;
				TARGETED_DEVICE_FAMILY = 1;
			};
			name = Release;
		};
/* End XCBuildConfiguration section */

/* Begin XCConfigurationList section */
		948429F52633FA640021BFEE /* Build configuration list for PBXProject "HomeTaskRealmAPP" */ = {
			isa = XCConfigurationList;
			buildConfigurations = (
				94842A0C2633FA650021BFEE /* Debug */,
				94842A0D2633FA650021BFEE /* Release */,
			);
			defaultConfigurationIsVisible = 0;
			defaultConfigurationName = Release;
		};
		94842A0E2633FA650021BFEE /* Build configuration list for PBXNativeTarget "HomeTaskRealmAPP" */ = {
			isa = XCConfigurationList;
			buildConfigurations = (
				94842A0F2633FA650021BFEE /* Debug */,
				94842A102633FA650021BFEE /* Release */,
			);
			defaultConfigurationIsVisible = 0;
			defaultConfigurationName = Release;
		};
/* End XCConfigurationList section */
	};
	rootObject = 948429F22633FA640021BFEE /* Project object */;
}
